
Microsoft Visual Studio Solution File, Format Version 12.00
# Visual Studio Version 17
VisualStudioVersion = 17.1.32210.238
MinimumVisualStudioVersion = 10.0.40219.1
Project("{888888A0-9F3D-457C-B088-3A5042F75D52}") = "ChessAI", "ChessAI.pyproj", "{EF61128E-F891-4115-BBEF-9FF28DE6A01E}"
EndProject
Global
	GlobalSection(SolutionConfigurationPlatforms) = preSolution
		Debug|Any CPU = Debug|Any CPU
		Release|Any CPU = Release|Any CPU
	EndGlobalSection
	GlobalSection(ProjectConfigurationPlatforms) = postSolution
		{EF61128E-F891-4115-BBEF-9FF28DE6A01E}.Debug|Any CPU.ActiveCfg = Debug|Any CPU
		{EF61128E-F891-4115-BBEF-9FF28DE6A01E}.Release|Any CPU.ActiveCfg = Release|Any CPU
	EndGlobalSection
	GlobalSection(SolutionProperties) = preSolution
		HideSolutionNode = FALSE
	EndGlobalSection
	GlobalSection(ExtensibilityGlobals) = postSolution
		SolutionGuid = {CB5739FF-0CC0-4F0B-90E7-1D4916F8F3BF}
	EndGlobalSection
EndGlobal
